
Microsoft Visual Studio Solution File, Format Version 12.00
# Visual Studio Version 16
VisualStudioVersion = 16.0.28729.10
MinimumVisualStudioVersion = 10.0.40219.1
Project("{FAE04EC0-301F-11D3-BF4B-00C04F79EFBC}") = "MrMeeseeks", "MrMeeseeks\MrMeeseeks.csproj", "{06024C6A-CF9A-4A5C-AD31-D13DA87062C7}"
EndProject
Project("{FAE04EC0-301F-11D3-BF4B-00C04F79EFBC}") = "MrMeeseeks.Test", "MrMeeseeks.Test\MrMeeseeks.Test.csproj", "{A4FE2B83-F32F-4FE0-87CA-EBCF1D099110}"
EndProject
Project("{FAE04EC0-301F-11D3-BF4B-00C04F79EFBC}") = "MrMeeseeks.Reactive", "MrMeeseeks.Reactive\MrMeeseeks.Reactive.csproj", "{B24E41A1-91E5-4CD8-92B2-5F52FF948F4A}"
EndProject
Project("{2150E333-8FDC-42A3-9474-1A3956D46DE8}") = "Misc", "Misc", "{4DC733E7-47E7-439E-A415-620EB886DBB9}"
ProjectSection(SolutionItems) = preProject
	Directory.Build.props = Directory.Build.props
EndProjectSection
EndProject
Project("{FAE04EC0-301F-11D3-BF4B-00C04F79EFBC}") = "MrMeeseeks.Windows", "MrMeeseeks.Windows\MrMeeseeks.Windows.csproj", "{9834BE68-0900-4467-8CFC-DB7CD002CF51}"
EndProject
Global
	GlobalSection(SolutionConfigurationPlatforms) = preSolution
		Debug|Any CPU = Debug|Any CPU
		Release|Any CPU = Release|Any CPU
	EndGlobalSection
	GlobalSection(ProjectConfigurationPlatforms) = postSolution
		{06024C6A-CF9A-4A5C-AD31-D13DA87062C7}.Debug|Any CPU.ActiveCfg = Debug|Any CPU
		{06024C6A-CF9A-4A5C-AD31-D13DA87062C7}.Debug|Any CPU.Build.0 = Debug|Any CPU
		{06024C6A-CF9A-4A5C-AD31-D13DA87062C7}.Release|Any CPU.ActiveCfg = Release|Any CPU
		{06024C6A-CF9A-4A5C-AD31-D13DA87062C7}.Release|Any CPU.Build.0 = Release|Any CPU
		{A4FE2B83-F32F-4FE0-87CA-EBCF1D099110}.Debug|Any CPU.ActiveCfg = Debug|Any CPU
		{A4FE2B83-F32F-4FE0-87CA-EBCF1D099110}.Debug|Any CPU.Build.0 = Debug|Any CPU
		{A4FE2B83-F32F-4FE0-87CA-EBCF1D099110}.Release|Any CPU.ActiveCfg = Release|Any CPU
		{A4FE2B83-F32F-4FE0-87CA-EBCF1D099110}.Release|Any CPU.Build.0 = Release|Any CPU
		{B24E41A1-91E5-4CD8-92B2-5F52FF948F4A}.Debug|Any CPU.ActiveCfg = Debug|Any CPU
		{B24E41A1-91E5-4CD8-92B2-5F52FF948F4A}.Debug|Any CPU.Build.0 = Debug|Any CPU
		{B24E41A1-91E5-4CD8-92B2-5F52FF948F4A}.Release|Any CPU.ActiveCfg = Release|Any CPU
		{B24E41A1-91E5-4CD8-92B2-5F52FF948F4A}.Release|Any CPU.Build.0 = Release|Any CPU
		{9834BE68-0900-4467-8CFC-DB7CD002CF51}.Debug|Any CPU.ActiveCfg = Debug|Any CPU
		{9834BE68-0900-4467-8CFC-DB7CD002CF51}.Debug|Any CPU.Build.0 = Debug|Any CPU
		{9834BE68-0900-4467-8CFC-DB7CD002CF51}.Release|Any CPU.ActiveCfg = Release|Any CPU
		{9834BE68-0900-4467-8CFC-DB7CD002CF51}.Release|Any CPU.Build.0 = Release|Any CPU
	EndGlobalSection
	GlobalSection(SolutionProperties) = preSolution
		HideSolutionNode = FALSE
	EndGlobalSection
	GlobalSection(ExtensibilityGlobals) = postSolution
		SolutionGuid = {76C5DF40-98E2-4335-B81C-B875F897405A}
	EndGlobalSection
EndGlobal
